
Microsoft Visual Studio Solution File, Format Version 12.00
# Visual Studio Version 17
VisualStudioVersion = 17.14.36930.0
MinimumVisualStudioVersion = 10.0.40219.1
Project("{9A19103F-16F7-4668-BE54-9A1E7A4F7556}") = "PracticeOutAndRef", "PracticeOutAndRef\PracticeOutAndRef.csproj", "{7A4881CB-6AF9-4223-98DF-B5DA8C5BBD59}"
EndProject
Project("{9A19103F-16F7-4668-BE54-9A1E7A4F7556}") = "ThreadsPractice", "ThreadsPractice\ThreadsPractice.csproj", "{8E21F740-418B-42DC-9D49-8BCDDB2AD5B4}"
EndProject
Project("{9A19103F-16F7-4668-BE54-9A1E7A4F7556}") = "PracticeBoxingUnboxing", "PracticeBoxingUnboxing\PracticeBoxingUnboxing.csproj", "{7181A704-D56D-4D74-A355-C77F3C8BFD94}"
EndProject
Project("{9A19103F-16F7-4668-BE54-9A1E7A4F7556}") = "AsyncPracticeApp", "AsyncPracticeApp\AsyncPracticeApp.csproj", "{2C0E6993-9432-472B-906F-AAF230F5785F}"
EndProject
Project("{9A19103F-16F7-4668-BE54-9A1E7A4F7556}") = "AsyncPracticeApp2", "AsyncPracticeApp2\AsyncPracticeApp2.csproj", "{5B4C0E63-C13A-4354-8EF6-94E9B6520DE4}"
EndProject
Project("{9A19103F-16F7-4668-BE54-9A1E7A4F7556}") = "LinqRecords.DataProcessor.Lab", "LinqRecords.DataProcessor.Lab\LinqRecords.DataProcessor.Lab.csproj", "{33CC3C71-1AD9-4178-8740-7844EF6A2724}"
EndProject
Project("{9A19103F-16F7-4668-BE54-9A1E7A4F7556}") = "AsyncParallel.DeepDive.Lab", "AsyncParallel.DeepDive.Lab\AsyncParallel.DeepDive.Lab.csproj", "{5DB9DE4F-F38F-42A1-BECC-8A5AF61BD6B5}"
EndProject
Project("{9A19103F-16F7-4668-BE54-9A1E7A4F7556}") = "Resilient.WeatherService.Proxy", "Resilient.WeatherService.Proxy\Resilient.WeatherService.Proxy.csproj", "{D680BDDC-DEF9-42BA-A813-F785D0183023}"
EndProject
Project("{9A19103F-16F7-4668-BE54-9A1E7A4F7556}") = "MemoryOptimization.Lab", "MemoryOptimization.Lab\MemoryOptimization.Lab.csproj", "{409B340E-FC91-4CAC-AD77-6F95D80BC3AC}"
EndProject
Project("{9A19103F-16F7-4668-BE54-9A1E7A4F7556}") = "HighLoad.MemoryCache.Simulator", "HighLoad.MemoryCache.Simulator\HighLoad.MemoryCache.Simulator.csproj", "{6C1A280D-5F96-42DA-8BF6-7FD01DB19AE8}"
EndProject
Project("{9A19103F-16F7-4668-BE54-9A1E7A4F7556}") = "WebApiToTestDependencyInjectionAndLifeCyclesLogger", "WebApiToTestDependencyInjectionAndLifeCyclesLogger\WebApiToTestDependencyInjectionAndLifeCyclesLogger.csproj", "{941BF98F-14B8-47CA-B6B8-D2942C6883DC}"
EndProject
Project("{9A19103F-16F7-4668-BE54-9A1E7A4F7556}") = "StrategyPatternPractice", "StrategyPatternPractice\StrategyPatternPractice.csproj", "{2609C0BF-350E-4915-B064-04EA039F66DD}"
EndProject
Project("{9A19103F-16F7-4668-BE54-9A1E7A4F7556}") = "TemplateMethodPatternPractice", "TemplateMethodPatternPractice\TemplateMethodPatternPractice.csproj", "{875E240F-6FB0-40B3-A688-C2502A67CFA8}"
EndProject
Project("{9A19103F-16F7-4668-BE54-9A1E7A4F7556}") = "AsyncCloud.FileProcessor.Lab", "AsyncCloud.FileProcessor.Lab\AsyncCloud.FileProcessor.Lab.csproj", "{D27BFAB0-8823-4D2F-8F99-6392665F43D1}"
EndProject
Project("{FAE04EC0-301F-11D3-BF4B-00C04F79EFBC}") = "MemoryAndThreadFlow.Lab", "MemoryAndThreadFlow.Lab\MemoryAndThreadFlow.Lab.csproj", "{5C625CE0-EB57-4567-93CE-ECCFBA7681F5}"
EndProject
Project("{FAE04EC0-301F-11D3-BF4B-00C04F79EFBC}") = "Order.Api", "OrderProcessing.RabbitMqInPractice\Order.Api\Order.Api.csproj", "{C1CCBED8-6878-B3A0-6BA2-973788A2EB65}"
EndProject
Project("{2150E333-8FDC-42A3-9474-1A3956D46DE8}") = "Элементы решения", "Элементы решения", "{8236DF3C-8156-4867-A5F4-0B2ECB46BDB2}"
	ProjectSection(SolutionItems) = preProject
		OrderProcessing.RabbitMqInPractice\OrderProcessing.slnx = OrderProcessing.RabbitMqInPractice\OrderProcessing.slnx
	EndProjectSection
EndProject
Project("{FAE04EC0-301F-11D3-BF4B-00C04F79EFBC}") = "Order.Worker", "OrderProcessing.RabbitMqInPractice\Order.Worker\Order.Worker.csproj", "{F49E7CE1-5C94-D130-0C44-447211100495}"
EndProject
Project("{FAE04EC0-301F-11D3-BF4B-00C04F79EFBC}") = "EfCore.Optimization.Lab", "EfCore.Optimization.Lab\EfCore.Optimization.Lab.csproj", "{F80F81E5-A0AA-4477-A5D1-A1CE7BB49223}"
EndProject
Project("{FAE04EC0-301F-11D3-BF4B-00C04F79EFBC}") = "Async.Throughput.Lab", "Async.Throughput.Lab\Async.Throughput.Lab.csproj", "{4452876D-77DF-4696-8F79-9C402E056B5B}"
EndProject
Project("{FAE04EC0-301F-11D3-BF4B-00C04F79EFBC}") = "BgService.Notifications.MockProject", "BgService.Notifications.MockProject\BgService.Notifications.MockProject.csproj", "{17360C5F-C2D1-4E09-9608-7355F7957681}"
EndProject
Project("{FAE04EC0-301F-11D3-BF4B-00C04F79EFBC}") = "Delegates.Practice.Lab", "Delegates.Practice.Lab\Delegates.Practice.Lab.csproj", "{01C92401-F2F5-4C05-A2B2-7C5521539A95}"
EndProject
Project("{FAE04EC0-301F-11D3-BF4B-00C04F79EFBC}") = "Concurrency.BlockingAndYielding.Lab", "Concurrency.BlockingAndYielding.Lab\Concurrency.BlockingAndYielding.Lab.csproj", "{97C90756-6A22-4317-8441-88C0A3B4B7DA}"
EndProject
Project("{FAE04EC0-301F-11D3-BF4B-00C04F79EFBC}") = "HighThroughput.OrderProcessing.Lab", "HighThroughput.OrderProcessing.Lab\HighThroughput.OrderProcessing.Lab.csproj", "{A78FA769-700E-4EDF-B8B6-32545DA24796}"
EndProject
Project("{FAE04EC0-301F-11D3-BF4B-00C04F79EFBC}") = "Threads.ConfigureAwaitPractice.Lab", "Threads.ConfigureAwaitPractice.Lab\Threads.ConfigureAwaitPractice.Lab.csproj", "{9705541F-E282-4F98-AC0B-59DFC68FB591}"
EndProject
Project("{FAE04EC0-301F-11D3-BF4B-00C04F79EFBC}") = "Linq.PracticeWithChinookMusicStore.Lab", "Linq.PracticeWithChinookMusicStore.Lab\Linq.PracticeWithChinookMusicStore.Lab.csproj", "{0FAFCC70-2F74-4963-AD6D-676001F4249D}"
EndProject
Project("{FAE04EC0-301F-11D3-BF4B-00C04F79EFBC}") = "CovarianceAndContravariance.Lab", "CovarianceAndContravariance.Lab\CovarianceAndContravariance.Lab.csproj", "{0ED891F8-5464-4985-B3B5-A90B25491B98}"
EndProject
Global
	GlobalSection(SolutionConfigurationPlatforms) = preSolution
		Debug|Any CPU = Debug|Any CPU
		Release|Any CPU = Release|Any CPU
	EndGlobalSection
	GlobalSection(ProjectConfigurationPlatforms) = postSolution
		{7A4881CB-6AF9-4223-98DF-B5DA8C5BBD59}.Debug|Any CPU.ActiveCfg = Debug|Any CPU
		{7A4881CB-6AF9-4223-98DF-B5DA8C5BBD59}.Debug|Any CPU.Build.0 = Debug|Any CPU
		{7A4881CB-6AF9-4223-98DF-B5DA8C5BBD59}.Release|Any CPU.ActiveCfg = Release|Any CPU
		{7A4881CB-6AF9-4223-98DF-B5DA8C5BBD59}.Release|Any CPU.Build.0 = Release|Any CPU
		{8E21F740-418B-42DC-9D49-8BCDDB2AD5B4}.Debug|Any CPU.ActiveCfg = Debug|Any CPU
		{8E21F740-418B-42DC-9D49-8BCDDB2AD5B4}.Debug|Any CPU.Build.0 = Debug|Any CPU
		{8E21F740-418B-42DC-9D49-8BCDDB2AD5B4}.Release|Any CPU.ActiveCfg = Release|Any CPU
		{8E21F740-418B-42DC-9D49-8BCDDB2AD5B4}.Release|Any CPU.Build.0 = Release|Any CPU
		{7181A704-D56D-4D74-A355-C77F3C8BFD94}.Debug|Any CPU.ActiveCfg = Debug|Any CPU
		{7181A704-D56D-4D74-A355-C77F3C8BFD94}.Debug|Any CPU.Build.0 = Debug|Any CPU
		{7181A704-D56D-4D74-A355-C77F3C8BFD94}.Release|Any CPU.ActiveCfg = Release|Any CPU
		{7181A704-D56D-4D74-A355-C77F3C8BFD94}.Release|Any CPU.Build.0 = Release|Any CPU
		{2C0E6993-9432-472B-906F-AAF230F5785F}.Debug|Any CPU.ActiveCfg = Debug|Any CPU
		{2C0E6993-9432-472B-906F-AAF230F5785F}.Debug|Any CPU.Build.0 = Debug|Any CPU
		{2C0E6993-9432-472B-906F-AAF230F5785F}.Release|Any CPU.ActiveCfg = Release|Any CPU
		{2C0E6993-9432-472B-906F-AAF230F5785F}.Release|Any CPU.Build.0 = Release|Any CPU
		{5B4C0E63-C13A-4354-8EF6-94E9B6520DE4}.Debug|Any CPU.ActiveCfg = Debug|Any CPU
		{5B4C0E63-C13A-4354-8EF6-94E9B6520DE4}.Debug|Any CPU.Build.0 = Debug|Any CPU
		{5B4C0E63-C13A-4354-8EF6-94E9B6520DE4}.Release|Any CPU.ActiveCfg = Release|Any CPU
		{5B4C0E63-C13A-4354-8EF6-94E9B6520DE4}.Release|Any CPU.Build.0 = Release|Any CPU
		{33CC3C71-1AD9-4178-8740-7844EF6A2724}.Debug|Any CPU.ActiveCfg = Debug|Any CPU
		{33CC3C71-1AD9-4178-8740-7844EF6A2724}.Debug|Any CPU.Build.0 = Debug|Any CPU
		{33CC3C71-1AD9-4178-8740-7844EF6A2724}.Release|Any CPU.ActiveCfg = Release|Any CPU
		{33CC3C71-1AD9-4178-8740-7844EF6A2724}.Release|Any CPU.Build.0 = Release|Any CPU
		{5DB9DE4F-F38F-42A1-BECC-8A5AF61BD6B5}.Debug|Any CPU.ActiveCfg = Debug|Any CPU
		{5DB9DE4F-F38F-42A1-BECC-8A5AF61BD6B5}.Debug|Any CPU.Build.0 = Debug|Any CPU
		{5DB9DE4F-F38F-42A1-BECC-8A5AF61BD6B5}.Release|Any CPU.ActiveCfg = Release|Any CPU
		{5DB9DE4F-F38F-42A1-BECC-8A5AF61BD6B5}.Release|Any CPU.Build.0 = Release|Any CPU
		{D680BDDC-DEF9-42BA-A813-F785D0183023}.Debug|Any CPU.ActiveCfg = Debug|Any CPU
		{D680BDDC-DEF9-42BA-A813-F785D0183023}.Debug|Any CPU.Build.0 = Debug|Any CPU
		{D680BDDC-DEF9-42BA-A813-F785D0183023}.Release|Any CPU.ActiveCfg = Release|Any CPU
		{D680BDDC-DEF9-42BA-A813-F785D0183023}.Release|Any CPU.Build.0 = Release|Any CPU
		{409B340E-FC91-4CAC-AD77-6F95D80BC3AC}.Debug|Any CPU.ActiveCfg = Debug|Any CPU
		{409B340E-FC91-4CAC-AD77-6F95D80BC3AC}.Debug|Any CPU.Build.0 = Debug|Any CPU
		{409B340E-FC91-4CAC-AD77-6F95D80BC3AC}.Release|Any CPU.ActiveCfg = Release|Any CPU
		{409B340E-FC91-4CAC-AD77-6F95D80BC3AC}.Release|Any CPU.Build.0 = Release|Any CPU
		{6C1A280D-5F96-42DA-8BF6-7FD01DB19AE8}.Debug|Any CPU.ActiveCfg = Debug|Any CPU
		{6C1A280D-5F96-42DA-8BF6-7FD01DB19AE8}.Debug|Any CPU.Build.0 = Debug|Any CPU
		{6C1A280D-5F96-42DA-8BF6-7FD01DB19AE8}.Release|Any CPU.ActiveCfg = Release|Any CPU
		{6C1A280D-5F96-42DA-8BF6-7FD01DB19AE8}.Release|Any CPU.Build.0 = Release|Any CPU
		{941BF98F-14B8-47CA-B6B8-D2942C6883DC}.Debug|Any CPU.ActiveCfg = Debug|Any CPU
		{941BF98F-14B8-47CA-B6B8-D2942C6883DC}.Debug|Any CPU.Build.0 = Debug|Any CPU
		{941BF98F-14B8-47CA-B6B8-D2942C6883DC}.Release|Any CPU.ActiveCfg = Release|Any CPU
		{941BF98F-14B8-47CA-B6B8-D2942C6883DC}.Release|Any CPU.Build.0 = Release|Any CPU
		{2609C0BF-350E-4915-B064-04EA039F66DD}.Debug|Any CPU.ActiveCfg = Debug|Any CPU
		{2609C0BF-350E-4915-B064-04EA039F66DD}.Debug|Any CPU.Build.0 = Debug|Any CPU
		{2609C0BF-350E-4915-B064-04EA039F66DD}.Release|Any CPU.ActiveCfg = Release|Any CPU
		{2609C0BF-350E-4915-B064-04EA039F66DD}.Release|Any CPU.Build.0 = Release|Any CPU
		{875E240F-6FB0-40B3-A688-C2502A67CFA8}.Debug|Any CPU.ActiveCfg = Debug|Any CPU
		{875E240F-6FB0-40B3-A688-C2502A67CFA8}.Debug|Any CPU.Build.0 = Debug|Any CPU
		{875E240F-6FB0-40B3-A688-C2502A67CFA8}.Release|Any CPU.ActiveCfg = Release|Any CPU
		{875E240F-6FB0-40B3-A688-C2502A67CFA8}.Release|Any CPU.Build.0 = Release|Any CPU
		{D27BFAB0-8823-4D2F-8F99-6392665F43D1}.Debug|Any CPU.ActiveCfg = Debug|Any CPU
		{D27BFAB0-8823-4D2F-8F99-6392665F43D1}.Debug|Any CPU.Build.0 = Debug|Any CPU
		{D27BFAB0-8823-4D2F-8F99-6392665F43D1}.Release|Any CPU.ActiveCfg = Release|Any CPU
		{D27BFAB0-8823-4D2F-8F99-6392665F43D1}.Release|Any CPU.Build.0 = Release|Any CPU
		{5C625CE0-EB57-4567-93CE-ECCFBA7681F5}.Debug|Any CPU.ActiveCfg = Debug|Any CPU
		{5C625CE0-EB57-4567-93CE-ECCFBA7681F5}.Debug|Any CPU.Build.0 = Debug|Any CPU
		{5C625CE0-EB57-4567-93CE-ECCFBA7681F5}.Release|Any CPU.ActiveCfg = Release|Any CPU
		{5C625CE0-EB57-4567-93CE-ECCFBA7681F5}.Release|Any CPU.Build.0 = Release|Any CPU
		{C1CCBED8-6878-B3A0-6BA2-973788A2EB65}.Debug|Any CPU.ActiveCfg = Debug|Any CPU
		{C1CCBED8-6878-B3A0-6BA2-973788A2EB65}.Debug|Any CPU.Build.0 = Debug|Any CPU
		{C1CCBED8-6878-B3A0-6BA2-973788A2EB65}.Release|Any CPU.ActiveCfg = Release|Any CPU
		{C1CCBED8-6878-B3A0-6BA2-973788A2EB65}.Release|Any CPU.Build.0 = Release|Any CPU
		{F49E7CE1-5C94-D130-0C44-447211100495}.Debug|Any CPU.ActiveCfg = Debug|Any CPU
		{F49E7CE1-5C94-D130-0C44-447211100495}.Debug|Any CPU.Build.0 = Debug|Any CPU
		{F49E7CE1-5C94-D130-0C44-447211100495}.Release|Any CPU.ActiveCfg = Release|Any CPU
		{F49E7CE1-5C94-D130-0C44-447211100495}.Release|Any CPU.Build.0 = Release|Any CPU
		{F80F81E5-A0AA-4477-A5D1-A1CE7BB49223}.Debug|Any CPU.ActiveCfg = Debug|Any CPU
		{F80F81E5-A0AA-4477-A5D1-A1CE7BB49223}.Debug|Any CPU.Build.0 = Debug|Any CPU
		{F80F81E5-A0AA-4477-A5D1-A1CE7BB49223}.Release|Any CPU.ActiveCfg = Release|Any CPU
		{F80F81E5-A0AA-4477-A5D1-A1CE7BB49223}.Release|Any CPU.Build.0 = Release|Any CPU
		{4452876D-77DF-4696-8F79-9C402E056B5B}.Debug|Any CPU.ActiveCfg = Debug|Any CPU
		{4452876D-77DF-4696-8F79-9C402E056B5B}.Debug|Any CPU.Build.0 = Debug|Any CPU
		{4452876D-77DF-4696-8F79-9C402E056B5B}.Release|Any CPU.ActiveCfg = Release|Any CPU
		{4452876D-77DF-4696-8F79-9C402E056B5B}.Release|Any CPU.Build.0 = Release|Any CPU
		{17360C5F-C2D1-4E09-9608-7355F7957681}.Debug|Any CPU.ActiveCfg = Debug|Any CPU
		{17360C5F-C2D1-4E09-9608-7355F7957681}.Debug|Any CPU.Build.0 = Debug|Any CPU
		{17360C5F-C2D1-4E09-9608-7355F7957681}.Release|Any CPU.ActiveCfg = Release|Any CPU
		{17360C5F-C2D1-4E09-9608-7355F7957681}.Release|Any CPU.Build.0 = Release|Any CPU
		{01C92401-F2F5-4C05-A2B2-7C5521539A95}.Debug|Any CPU.ActiveCfg = Debug|Any CPU
		{01C92401-F2F5-4C05-A2B2-7C5521539A95}.Debug|Any CPU.Build.0 = Debug|Any CPU
		{01C92401-F2F5-4C05-A2B2-7C5521539A95}.Release|Any CPU.ActiveCfg = Release|Any CPU
		{01C92401-F2F5-4C05-A2B2-7C5521539A95}.Release|Any CPU.Build.0 = Release|Any CPU
		{97C90756-6A22-4317-8441-88C0A3B4B7DA}.Debug|Any CPU.ActiveCfg = Debug|Any CPU
		{97C90756-6A22-4317-8441-88C0A3B4B7DA}.Debug|Any CPU.Build.0 = Debug|Any CPU
		{97C90756-6A22-4317-8441-88C0A3B4B7DA}.Release|Any CPU.ActiveCfg = Release|Any CPU
		{97C90756-6A22-4317-8441-88C0A3B4B7DA}.Release|Any CPU.Build.0 = Release|Any CPU
		{A78FA769-700E-4EDF-B8B6-32545DA24796}.Debug|Any CPU.ActiveCfg = Debug|Any CPU
		{A78FA769-700E-4EDF-B8B6-32545DA24796}.Debug|Any CPU.Build.0 = Debug|Any CPU
		{A78FA769-700E-4EDF-B8B6-32545DA24796}.Release|Any CPU.ActiveCfg = Release|Any CPU
		{A78FA769-700E-4EDF-B8B6-32545DA24796}.Release|Any CPU.Build.0 = Release|Any CPU
		{9705541F-E282-4F98-AC0B-59DFC68FB591}.Debug|Any CPU.ActiveCfg = Debug|Any CPU
		{9705541F-E282-4F98-AC0B-59DFC68FB591}.Debug|Any CPU.Build.0 = Debug|Any CPU
		{9705541F-E282-4F98-AC0B-59DFC68FB591}.Release|Any CPU.ActiveCfg = Release|Any CPU
		{9705541F-E282-4F98-AC0B-59DFC68FB591}.Release|Any CPU.Build.0 = Release|Any CPU
		{0FAFCC70-2F74-4963-AD6D-676001F4249D}.Debug|Any CPU.ActiveCfg = Debug|Any CPU
		{0FAFCC70-2F74-4963-AD6D-676001F4249D}.Debug|Any CPU.Build.0 = Debug|Any CPU
		{0FAFCC70-2F74-4963-AD6D-676001F4249D}.Release|Any CPU.ActiveCfg = Release|Any CPU
		{0FAFCC70-2F74-4963-AD6D-676001F4249D}.Release|Any CPU.Build.0 = Release|Any CPU
		{0ED891F8-5464-4985-B3B5-A90B25491B98}.Debug|Any CPU.ActiveCfg = Debug|Any CPU
		{0ED891F8-5464-4985-B3B5-A90B25491B98}.Debug|Any CPU.Build.0 = Debug|Any CPU
		{0ED891F8-5464-4985-B3B5-A90B25491B98}.Release|Any CPU.ActiveCfg = Release|Any CPU
		{0ED891F8-5464-4985-B3B5-A90B25491B98}.Release|Any CPU.Build.0 = Release|Any CPU
	EndGlobalSection
	GlobalSection(SolutionProperties) = preSolution
		HideSolutionNode = FALSE
	EndGlobalSection
	GlobalSection(ExtensibilityGlobals) = postSolution
		SolutionGuid = {FD3C483C-86EE-4E95-9D1C-B97042B91B34}
	EndGlobalSection
EndGlobal
